// !$*UTF8*$!
{
	archiveVersion = 1;
	classes = {
	};
	objectVersion = 56;
	objects = {

/* Begin PBXBuildFile section */
		026F45F5292E5556006A11B8 /* AppDelegate.swift in Sources */ = {isa = PBXBuildFile; fileRef = 026F45F4292E5556006A11B8 /* AppDelegate.swift */; };
		026F45F7292E5556006A11B8 /* SceneDelegate.swift in Sources */ = {isa = PBXBuildFile; fileRef = 026F45F6292E5556006A11B8 /* SceneDelegate.swift */; };
		026F45F9292E5556006A11B8 /* MusicViewController.swift in Sources */ = {isa = PBXBuildFile; fileRef = 026F45F8292E5556006A11B8 /* MusicViewController.swift */; };
		026F45FC292E5556006A11B8 /* Main.storyboard in Resources */ = {isa = PBXBuildFile; fileRef = 026F45FA292E5556006A11B8 /* Main.storyboard */; };
		026F45FF292E5556006A11B8 /* Core_Data.xcdatamodeld in Sources */ = {isa = PBXBuildFile; fileRef = 026F45FD292E5556006A11B8 /* Core_Data.xcdatamodeld */; };
		026F4601292E5559006A11B8 /* Assets.xcassets in Resources */ = {isa = PBXBuildFile; fileRef = 026F4600292E5559006A11B8 /* Assets.xcassets */; };
		026F4604292E5559006A11B8 /* LaunchScreen.storyboard in Resources */ = {isa = PBXBuildFile; fileRef = 026F4602292E5559006A11B8 /* LaunchScreen.storyboard */; };
		026F463F2934402E006A11B8 /* MusicStructure.swift in Sources */ = {isa = PBXBuildFile; fileRef = 026F463E2934402D006A11B8 /* MusicStructure.swift */; };
		026F4642293445D5006A11B8 /* NetworkManager.swift in Sources */ = {isa = PBXBuildFile; fileRef = 026F4641293445D5006A11B8 /* NetworkManager.swift */; };
		02D39431293482520046D456 /* MusicTableViewCell.swift in Sources */ = {isa = PBXBuildFile; fileRef = 02D39430293482520046D456 /* MusicTableViewCell.swift */; };
/* End PBXBuildFile section */

/* Begin PBXFileReference section */
		026F45F1292E5556006A11B8 /* Core Data.app */ = {isa = PBXFileReference; explicitFileType = wrapper.application; includeInIndex = 0; path = "Core Data.app"; sourceTree = BUILT_PRODUCTS_DIR; };
		026F45F4292E5556006A11B8 /* AppDelegate.swift */ = {isa = PBXFileReference; lastKnownFileType = sourcecode.swift; path = AppDelegate.swift; sourceTree = "<group>"; };
		026F45F6292E5556006A11B8 /* SceneDelegate.swift */ = {isa = PBXFileReference; lastKnownFileType = sourcecode.swift; path = SceneDelegate.swift; sourceTree = "<group>"; };
		026F45F8292E5556006A11B8 /* MusicViewController.swift */ = {isa = PBXFileReference; lastKnownFileType = sourcecode.swift; path = MusicViewController.swift; sourceTree = "<group>"; };
		026F45FB292E5556006A11B8 /* Base */ = {isa = PBXFileReference; lastKnownFileType = file.storyboard; name = Base; path = Base.lproj/Main.storyboard; sourceTree = "<group>"; };
		026F45FE292E5556006A11B8 /* Core_Data.xcdatamodel */ = {isa = PBXFileReference; lastKnownFileType = wrapper.xcdatamodel; path = Core_Data.xcdatamodel; sourceTree = "<group>"; };
		026F4600292E5559006A11B8 /* Assets.xcassets */ = {isa = PBXFileReference; lastKnownFileType = folder.assetcatalog; path = Assets.xcassets; sourceTree = "<group>"; };
		026F4603292E5559006A11B8 /* Base */ = {isa = PBXFileReference; lastKnownFileType = file.storyboard; name = Base; path = Base.lproj/LaunchScreen.storyboard; sourceTree = "<group>"; };
		026F4605292E5559006A11B8 /* Info.plist */ = {isa = PBXFileReference; lastKnownFileType = text.plist.xml; path = Info.plist; sourceTree = "<group>"; };
		026F463E2934402D006A11B8 /* MusicStructure.swift */ = {isa = PBXFileReference; lastKnownFileType = sourcecode.swift; path = MusicStructure.swift; sourceTree = "<group>"; };
		026F4641293445D5006A11B8 /* NetworkManager.swift */ = {isa = PBXFileReference; lastKnownFileType = sourcecode.swift; path = NetworkManager.swift; sourceTree = "<group>"; };
		02D39430293482520046D456 /* MusicTableViewCell.swift */ = {isa = PBXFileReference; lastKnownFileType = sourcecode.swift; path = MusicTableViewCell.swift; sourceTree = "<group>"; };
/* End PBXFileReference section */

/* Begin PBXFrameworksBuildPhase section */
		026F45EE292E5556006A11B8 /* Frameworks */ = {
			isa = PBXFrameworksBuildPhase;
			buildActionMask = 2147483647;
			files = (
			);
			runOnlyForDeploymentPostprocessing = 0;
		};
/* End PBXFrameworksBuildPhase section */

/* Begin PBXGroup section */
		026F45E8292E5556006A11B8 = {
			isa = PBXGroup;
			children = (
				026F45F3292E5556006A11B8 /* Core Data */,
				026F45F2292E5556006A11B8 /* Products */,
			);
			sourceTree = "<group>";
		};
		026F45F2292E5556006A11B8 /* Products */ = {
			isa = PBXGroup;
			children = (
				026F45F1292E5556006A11B8 /* Core Data.app */,
			);
			name = Products;
			sourceTree = "<group>";
		};
		026F45F3292E5556006A11B8 /* Core Data */ = {
			isa = PBXGroup;
			children = (
				026F463D29343F70006A11B8 /* Resource */,
				026F463C29343F5A006A11B8 /* Service */,
				026F463B29343F55006A11B8 /* View */,
				026F463A29343F4D006A11B8 /* Controller */,
				026F463929343E92006A11B8 /* Model */,
				026F45F4292E5556006A11B8 /* AppDelegate.swift */,
				026F45F6292E5556006A11B8 /* SceneDelegate.swift */,
				026F45FA292E5556006A11B8 /* Main.storyboard */,
				026F4600292E5559006A11B8 /* Assets.xcassets */,
				026F4602292E5559006A11B8 /* LaunchScreen.storyboard */,
				026F4605292E5559006A11B8 /* Info.plist */,
				026F45FD292E5556006A11B8 /* Core_Data.xcdatamodeld */,
			);
			path = "Core Data";
			sourceTree = "<group>";
		};
		026F463929343E92006A11B8 /* Model */ = {
			isa = PBXGroup;
			children = (
				026F463E2934402D006A11B8 /* MusicStructure.swift */,
			);
			path = Model;
			sourceTree = "<group>";
		};
		026F463A29343F4D006A11B8 /* Controller */ = {
			isa = PBXGroup;
			children = (
				026F45F8292E5556006A11B8 /* MusicViewController.swift */,
			);
			path = Controller;
			sourceTree = "<group>";
		};
		026F463B29343F55006A11B8 /* View */ = {
			isa = PBXGroup;
			children = (
				02D39430293482520046D456 /* MusicTableViewCell.swift */,
			);
			path = View;
			sourceTree = "<group>";
		};
		026F463C29343F5A006A11B8 /* Service */ = {
			isa = PBXGroup;
			children = (
				026F4641293445D5006A11B8 /* NetworkManager.swift */,
			);
			path = Service;
			sourceTree = "<group>";
		};
		026F463D29343F70006A11B8 /* Resource */ = {
			isa = PBXGroup;
			children = (
			);
			path = Resource;
			sourceTree = "<group>";
		};
/* End PBXGroup section */

/* Begin PBXNativeTarget section */
		026F45F0292E5556006A11B8 /* Core Data */ = {
			isa = PBXNativeTarget;
			buildConfigurationList = 026F4608292E5559006A11B8 /* Build configuration list for PBXNativeTarget "Core Data" */;
			buildPhases = (
				026F45ED292E5556006A11B8 /* Sources */,
				026F45EE292E5556006A11B8 /* Frameworks */,
				026F45EF292E5556006A11B8 /* Resources */,
			);
			buildRules = (
			);
			dependencies = (
			);
			name = "Core Data";
			productName = "Core Data";
			productReference = 026F45F1292E5556006A11B8 /* Core Data.app */;
			productType = "com.apple.product-type.application";
		};
/* End PBXNativeTarget section */

/* Begin PBXProject section */
		026F45E9292E5556006A11B8 /* Project object */ = {
			isa = PBXProject;
			attributes = {
				BuildIndependentTargetsInParallel = 1;
				LastSwiftUpdateCheck = 1400;
				LastUpgradeCheck = 1400;
				TargetAttributes = {
					026F45F0292E5556006A11B8 = {
						CreatedOnToolsVersion = 14.0.1;
					};
				};
			};
			buildConfigurationList = 026F45EC292E5556006A11B8 /* Build configuration list for PBXProject "Core Data" */;
			compatibilityVersion = "Xcode 14.0";
			developmentRegion = en;
			hasScannedForEncodings = 0;
			knownRegions = (
				en,
				Base,
			);
			mainGroup = 026F45E8292E5556006A11B8;
			productRefGroup = 026F45F2292E5556006A11B8 /* Products */;
			projectDirPath = "";
			projectRoot = "";
			targets = (
				026F45F0292E5556006A11B8 /* Core Data */,
			);
		};
/* End PBXProject section */

/* Begin PBXResourcesBuildPhase section */
		026F45EF292E5556006A11B8 /* Resources */ = {
			isa = PBXResourcesBuildPhase;
			buildActionMask = 2147483647;
			files = (
				026F4604292E5559006A11B8 /* LaunchScreen.storyboard in Resources */,
				026F4601292E5559006A11B8 /* Assets.xcassets in Resources */,
				026F45FC292E5556006A11B8 /* Main.storyboard in Resources */,
			);
			runOnlyForDeploymentPostprocessing = 0;
		};
/* End PBXResourcesBuildPhase section */

/* Begin PBXSourcesBuildPhase section */
		026F45ED292E5556006A11B8 /* Sources */ = {
			isa = PBXSourcesBuildPhase;
			buildActionMask = 2147483647;
			files = (
				026F4642293445D5006A11B8 /* NetworkManager.swift in Sources */,
				026F463F2934402E006A11B8 /* MusicStructure.swift in Sources */,
				026F45FF292E5556006A11B8 /* Core_Data.xcdatamodeld in Sources */,
				026F45F9292E5556006A11B8 /* MusicViewController.swift in Sources */,
				02D39431293482520046D456 /* MusicTableViewCell.swift in Sources */,
				026F45F5292E5556006A11B8 /* AppDelegate.swift in Sources */,
				026F45F7292E5556006A11B8 /* SceneDelegate.swift in Sources */,
			);
			runOnlyForDeploymentPostprocessing = 0;
		};
/* End PBXSourcesBuildPhase section */

/* Begin PBXVariantGroup section */
		026F45FA292E5556006A11B8 /* Main.storyboard */ = {
			isa = PBXVariantGroup;
			children = (
				026F45FB292E5556006A11B8 /* Base */,
			);
			name = Main.storyboard;
			sourceTree = "<group>";
		};
		026F4602292E5559006A11B8 /* LaunchScreen.storyboard */ = {
			isa = PBXVariantGroup;
			children = (
				026F4603292E5559006A11B8 /* Base */,
			);
			name = LaunchScreen.storyboard;
			sourceTree = "<group>";
		};
/* End PBXVariantGroup section */

/* Begin XCBuildConfiguration section */
		026F4606292E5559006A11B8 /* Debug */ = {
			isa = XCBuildConfiguration;
			buildSettings = {
				ALWAYS_SEARCH_USER_PATHS = NO;
				CLANG_ANALYZER_NONNULL = YES;
				CLANG_ANALYZER_NUMBER_OBJECT_CONVERSION = YES_AGGRESSIVE;
				CLANG_CXX_LANGUAGE_STANDARD = "gnu++20";
				CLANG_ENABLE_MODULES = YES;
				CLANG_ENABLE_OBJC_ARC = YES;
				CLANG_ENABLE_OBJC_WEAK = YES;
				CLANG_WARN_BLOCK_CAPTURE_AUTORELEASING = YES;
				CLANG_WARN_BOOL_CONVERSION = YES;
				CLANG_WARN_COMMA = YES;
				CLANG_WARN_CONSTANT_CONVERSION = YES;
				CLANG_WARN_DEPRECATED_OBJC_IMPLEMENTATIONS = YES;
				CLANG_WARN_DIRECT_OBJC_ISA_USAGE = YES_ERROR;
				CLANG_WARN_DOCUMENTATION_COMMENTS = YES;
				CLANG_WARN_EMPTY_BODY = YES;
				CLANG_WARN_ENUM_CONVERSION = YES;
				CLANG_WARN_INFINITE_RECURSION = YES;
				CLANG_WARN_INT_CONVERSION = YES;
				CLANG_WARN_NON_LITERAL_NULL_CONVERSION = YES;
				CLANG_WARN_OBJC_IMPLICIT_RETAIN_SELF = YES;
				CLANG_WARN_OBJC_LITERAL_CONVERSION = YES;
				CLANG_WARN_OBJC_ROOT_CLASS = YES_ERROR;
				CLANG_WARN_QUOTED_INCLUDE_IN_FRAMEWORK_HEADER = YES;
				CLANG_WARN_RANGE_LOOP_ANALYSIS = YES;
				CLANG_WARN_STRICT_PROTOTYPES = YES;
				CLANG_WARN_SUSPICIOUS_MOVE = YES;
				CLANG_WARN_UNGUARDED_AVAILABILITY = YES_AGGRESSIVE;
				CLANG_WARN_UNREACHABLE_CODE = YES;
				CLANG_WARN__DUPLICATE_METHOD_MATCH = YES;
				COPY_PHASE_STRIP = NO;
				DEBUG_INFORMATION_FORMAT = dwarf;
				ENABLE_STRICT_OBJC_MSGSEND = YES;
				ENABLE_TESTABILITY = YES;
				GCC_C_LANGUAGE_STANDARD = gnu11;
				GCC_DYNAMIC_NO_PIC = NO;
				GCC_NO_COMMON_BLOCKS = YES;
				GCC_OPTIMIZATION_LEVEL = 0;
				GCC_PREPROCESSOR_DEFINITIONS = (
					"DEBUG=1",
					"$(inherited)",
				);
				GCC_WARN_64_TO_32_BIT_CONVERSION = YES;
				GCC_WARN_ABOUT_RETURN_TYPE = YES_ERROR;
				GCC_WARN_UNDECLARED_SELECTOR = YES;
				GCC_WARN_UNINITIALIZED_AUTOS = YES_AGGRESSIVE;
				GCC_WARN_UNUSED_FUNCTION = YES;
				GCC_WARN_UNUSED_VARIABLE = YES;
				IPHONEOS_DEPLOYMENT_TARGET = 16.0;
				MTL_ENABLE_DEBUG_INFO = INCLUDE_SOURCE;
				MTL_FAST_MATH = YES;
				ONLY_ACTIVE_ARCH = YES;
				SDKROOT = iphoneos;
				SWIFT_ACTIVE_COMPILATION_CONDITIONS = DEBUG;
				SWIFT_OPTIMIZATION_LEVEL = "-Onone";
			};
			name = Debug;
		};
		026F4607292E5559006A11B8 /* Release */ = {
			isa = XCBuildConfiguration;
			buildSettings = {
				ALWAYS_SEARCH_USER_PATHS = NO;
				CLANG_ANALYZER_NONNULL = YES;
				CLANG_ANALYZER_NUMBER_OBJECT_CONVERSION = YES_AGGRESSIVE;
				CLANG_CXX_LANGUAGE_STANDARD = "gnu++20";
				CLANG_ENABLE_MODULES = YES;
				CLANG_ENABLE_OBJC_ARC = YES;
				CLANG_ENABLE_OBJC_WEAK = YES;
				CLANG_WARN_BLOCK_CAPTURE_AUTORELEASING = YES;
				CLANG_WARN_BOOL_CONVERSION = YES;
				CLANG_WARN_COMMA = YES;
				CLANG_WARN_CONSTANT_CONVERSION = YES;
				CLANG_WARN_DEPRECATED_OBJC_IMPLEMENTATIONS = YES;
				CLANG_WARN_DIRECT_OBJC_ISA_USAGE = YES_ERROR;
				CLANG_WARN_DOCUMENTATION_COMMENTS = YES;
				CLANG_WARN_EMPTY_BODY = YES;
				CLANG_WARN_ENUM_CONVERSION = YES;
				CLANG_WARN_INFINITE_RECURSION = YES;
				CLANG_WARN_INT_CONVERSION = YES;
				CLANG_WARN_NON_LITERAL_NULL_CONVERSION = YES;
				CLANG_WARN_OBJC_IMPLICIT_RETAIN_SELF = YES;
				CLANG_WARN_OBJC_LITERAL_CONVERSION = YES;
				CLANG_WARN_OBJC_ROOT_CLASS = YES_ERROR;
				CLANG_WARN_QUOTED_INCLUDE_IN_FRAMEWORK_HEADER = YES;
				CLANG_WARN_RANGE_LOOP_ANALYSIS = YES;
				CLANG_WARN_STRICT_PROTOTYPES = YES;
				CLANG_WARN_SUSPICIOUS_MOVE = YES;
				CLANG_WARN_UNGUARDED_AVAILABILITY = YES_AGGRESSIVE;
				CLANG_WARN_UNREACHABLE_CODE = YES;
				CLANG_WARN__DUPLICATE_METHOD_MATCH = YES;
				COPY_PHASE_STRIP = NO;
				DEBUG_INFORMATION_FORMAT = "dwarf-with-dsym";
				ENABLE_NS_ASSERTIONS = NO;
				ENABLE_STRICT_OBJC_MSGSEND = YES;
				GCC_C_LANGUAGE_STANDARD = gnu11;
				GCC_NO_COMMON_BLOCKS = YES;
				GCC_WARN_64_TO_32_BIT_CONVERSION = YES;
				GCC_WARN_ABOUT_RETURN_TYPE = YES_ERROR;
				GCC_WARN_UNDECLARED_SELECTOR = YES;
				GCC_WARN_UNINITIALIZED_AUTOS = YES_AGGRESSIVE;
				GCC_WARN_UNUSED_FUNCTION = YES;
				GCC_WARN_UNUSED_VARIABLE = YES;
				IPHONEOS_DEPLOYMENT_TARGET = 16.0;
				MTL_ENABLE_DEBUG_INFO = NO;
				MTL_FAST_MATH = YES;
				SDKROOT = iphoneos;
				SWIFT_COMPILATION_MODE = wholemodule;
				SWIFT_OPTIMIZATION_LEVEL = "-O";
				VALIDATE_PRODUCT = YES;
			};
			name = Release;
		};
		026F4609292E5559006A11B8 /* Debug */ = {
			isa = XCBuildConfiguration;
			buildSettings = {
				ASSETCATALOG_COMPILER_APPICON_NAME = AppIcon;
				ASSETCATALOG_COMPILER_GLOBAL_ACCENT_COLOR_NAME = AccentColor;
				CODE_SIGN_STYLE = Automatic;
				CURRENT_PROJECT_VERSION = 1;
				DEVELOPMENT_TEAM = 38V5N63B5Z;
				GENERATE_INFOPLIST_FILE = YES;
				INFOPLIST_FILE = "Core Data/Info.plist";
				INFOPLIST_KEY_UIApplicationSupportsIndirectInputEvents = YES;
				INFOPLIST_KEY_UILaunchStoryboardName = LaunchScreen;
				INFOPLIST_KEY_UIMainStoryboardFile = Main;
				INFOPLIST_KEY_UISupportedInterfaceOrientations_iPad = "UIInterfaceOrientationPortrait UIInterfaceOrientationPortraitUpsideDown UIInterfaceOrientationLandscapeLeft UIInterfaceOrientationLandscapeRight";
				INFOPLIST_KEY_UISupportedInterfaceOrientations_iPhone = "UIInterfaceOrientationPortrait UIInterfaceOrientationLandscapeLeft UIInterfaceOrientationLandscapeRight";
				LD_RUNPATH_SEARCH_PATHS = (
					"$(inherited)",
					"@executable_path/Frameworks",
				);
				MARKETING_VERSION = 1.0;
				PRODUCT_BUNDLE_IDENTIFIER = "CR.Core-Data";
				PRODUCT_NAME = "$(TARGET_NAME)";
				SWIFT_EMIT_LOC_STRINGS = YES;
				SWIFT_VERSION = 5.0;
				TARGETED_DEVICE_FAMILY = "1,2";
			};
			name = Debug;
		};
		026F460A292E5559006A11B8 /* Release */ = {
			isa = XCBuildConfiguration;
			buildSettings = {
				ASSETCATALOG_COMPILER_APPICON_NAME = AppIcon;
				ASSETCATALOG_COMPILER_GLOBAL_ACCENT_COLOR_NAME = AccentColor;
				CODE_SIGN_STYLE = Automatic;
				CURRENT_PROJECT_VERSION = 1;
				DEVELOPMENT_TEAM = 38V5N63B5Z;
				GENERATE_INFOPLIST_FILE = YES;
				INFOPLIST_FILE = "Core Data/Info.plist";
				INFOPLIST_KEY_UIApplicationSupportsIndirectInputEvents = YES;
				INFOPLIST_KEY_UILaunchStoryboardName = LaunchScreen;
				INFOPLIST_KEY_UIMainStoryboardFile = Main;
				INFOPLIST_KEY_UISupportedInterfaceOrientations_iPad = "UIInterfaceOrientationPortrait UIInterfaceOrientationPortraitUpsideDown UIInterfaceOrientationLandscapeLeft UIInterfaceOrientationLandscapeRight";
				INFOPLIST_KEY_UISupportedInterfaceOrientations_iPhone = "UIInterfaceOrientationPortrait UIInterfaceOrientationLandscapeLeft UIInterfaceOrientationLandscapeRight";
				LD_RUNPATH_SEARCH_PATHS = (
					"$(inherited)",
					"@executable_path/Frameworks",
				);
				MARKETING_VERSION = 1.0;
				PRODUCT_BUNDLE_IDENTIFIER = "CR.Core-Data";
				PRODUCT_NAME = "$(TARGET_NAME)";
				SWIFT_EMIT_LOC_STRINGS = YES;
				SWIFT_VERSION = 5.0;
				TARGETED_DEVICE_FAMILY = "1,2";
			};
			name = Release;
		};
/* End XCBuildConfiguration section */

/* Begin XCConfigurationList section */
		026F45EC292E5556006A11B8 /* Build configuration list for PBXProject "Core Data" */ = {
			isa = XCConfigurationList;
			buildConfigurations = (
				026F4606292E5559006A11B8 /* Debug */,
				026F4607292E5559006A11B8 /* Release */,
			);
			defaultConfigurationIsVisible = 0;
			defaultConfigurationName = Release;
		};
		026F4608292E5559006A11B8 /* Build configuration list for PBXNativeTarget "Core Data" */ = {
			isa = XCConfigurationList;
			buildConfigurations = (
				026F4609292E5559006A11B8 /* Debug */,
				026F460A292E5559006A11B8 /* Release */,
			);
			defaultConfigurationIsVisible = 0;
			defaultConfigurationName = Release;
		};
/* End XCConfigurationList section */

/* Begin XCVersionGroup section */
		026F45FD292E5556006A11B8 /* Core_Data.xcdatamodeld */ = {
			isa = XCVersionGroup;
			children = (
				026F45FE292E5556006A11B8 /* Core_Data.xcdatamodel */,
			);
			currentVersion = 026F45FE292E5556006A11B8 /* Core_Data.xcdatamodel */;
			path = Core_Data.xcdatamodeld;
			sourceTree = "<group>";
			versionGroupType = wrapper.xcdatamodel;
		};
/* End XCVersionGroup section */
	};
	rootObject = 026F45E9292E5556006A11B8 /* Project object */;
}
